
Microsoft Visual Studio Solution File, Format Version 12.00
# Visual Studio Version 17
VisualStudioVersion = 17.1.32228.430
MinimumVisualStudioVersion = 10.0.40219.1
Project("{FAE04EC0-301F-11D3-BF4B-00C04F79EFBC}") = "WebAPIClient", "RestClientApp\WebAPIClient.csproj", "{9422210C-9B87-4098-BBF9-17EE25EFB4E2}"
EndProject
Global
	GlobalSection(SolutionConfigurationPlatforms) = preSolution
		Debug|Any CPU = Debug|Any CPU
		Release|Any CPU = Release|Any CPU
	EndGlobalSection
	GlobalSection(ProjectConfigurationPlatforms) = postSolution
		{9422210C-9B87-4098-BBF9-17EE25EFB4E2}.Debug|Any CPU.ActiveCfg = Debug|Any CPU
		{9422210C-9B87-4098-BBF9-17EE25EFB4E2}.Debug|Any CPU.Build.0 = Debug|Any CPU
		{9422210C-9B87-4098-BBF9-17EE25EFB4E2}.Release|Any CPU.ActiveCfg = Release|Any CPU
		{9422210C-9B87-4098-BBF9-17EE25EFB4E2}.Release|Any CPU.Build.0 = Release|Any CPU
	EndGlobalSection
	GlobalSection(SolutionProperties) = preSolution
		HideSolutionNode = FALSE
	EndGlobalSection
	GlobalSection(ExtensibilityGlobals) = postSolution
		SolutionGuid = {7B8C13A8-F398-405A-8B5D-172FF6F2D648}
	EndGlobalSection
EndGlobal
